
Microsoft Visual Studio Solution File, Format Version 12.00
# Visual Studio Version 17
VisualStudioVersion = 17.8.34511.84
MinimumVisualStudioVersion = 10.0.40219.1
Project("{FAE04EC0-301F-11D3-BF4B-00C04F79EFBC}") = "crud-dotnet-api", "crud-dotnet-api\crud-dotnet-api.csproj", "{34713A53-B2BD-41F7-AA97-47E12B22B003}"
EndProject
Global
	GlobalSection(SolutionConfigurationPlatforms) = preSolution
		Debug|Any CPU = Debug|Any CPU
		Release|Any CPU = Release|Any CPU
	EndGlobalSection
	GlobalSection(ProjectConfigurationPlatforms) = postSolution
		{34713A53-B2BD-41F7-AA97-47E12B22B003}.Debug|Any CPU.ActiveCfg = Debug|Any CPU
		{34713A53-B2BD-41F7-AA97-47E12B22B003}.Debug|Any CPU.Build.0 = Debug|Any CPU
		{34713A53-B2BD-41F7-AA97-47E12B22B003}.Release|Any CPU.ActiveCfg = Release|Any CPU
		{34713A53-B2BD-41F7-AA97-47E12B22B003}.Release|Any CPU.Build.0 = Release|Any CPU
	EndGlobalSection
	GlobalSection(SolutionProperties) = preSolution
		HideSolutionNode = FALSE
	EndGlobalSection
	GlobalSection(ExtensibilityGlobals) = postSolution
		SolutionGuid = {AFC8032B-D08E-4909-AF22-DDB5CD6068D3}
	EndGlobalSection
EndGlobal
